
Microsoft Visual Studio Solution File, Format Version 12.00
# Visual Studio Version 16
VisualStudioVersion = 16.0.32106.194
MinimumVisualStudioVersion = 10.0.40219.1
Project("{FAE04EC0-301F-11D3-BF4B-00C04F79EFBC}") = "ATM", "ATM\ATM.csproj", "{4BE0641F-72AA-4034-B545-EFFE8DBC18C6}"
EndProject
Global
	GlobalSection(SolutionConfigurationPlatforms) = preSolution
		Debug|Any CPU = Debug|Any CPU
		Release|Any CPU = Release|Any CPU
	EndGlobalSection
	GlobalSection(ProjectConfigurationPlatforms) = postSolution
		{4BE0641F-72AA-4034-B545-EFFE8DBC18C6}.Debug|Any CPU.ActiveCfg = Debug|Any CPU
		{4BE0641F-72AA-4034-B545-EFFE8DBC18C6}.Debug|Any CPU.Build.0 = Debug|Any CPU
		{4BE0641F-72AA-4034-B545-EFFE8DBC18C6}.Release|Any CPU.ActiveCfg = Release|Any CPU
		{4BE0641F-72AA-4034-B545-EFFE8DBC18C6}.Release|Any CPU.Build.0 = Release|Any CPU
	EndGlobalSection
	GlobalSection(SolutionProperties) = preSolution
		HideSolutionNode = FALSE
	EndGlobalSection
	GlobalSection(ExtensibilityGlobals) = postSolution
		SolutionGuid = {C2A6BE96-AD5A-46A2-A60F-5D228A9E50A1}
	EndGlobalSection
EndGlobal
